// !$*UTF8*$!
{
	archiveVersion = 1;
	classes = {
	};
	objectVersion = 46;
	objects = {

/* Begin PBXBuildFile section */
		65E9B48415F4331800419B4B /* UIKit.framework in Frameworks */ = {isa = PBXBuildFile; fileRef = 65E9B48315F4331800419B4B /* UIKit.framework */; };
		65E9B48615F4331800419B4B /* Foundation.framework in Frameworks */ = {isa = PBXBuildFile; fileRef = 65E9B48515F4331800419B4B /* Foundation.framework */; };
		65E9B48815F4331800419B4B /* CoreGraphics.framework in Frameworks */ = {isa = PBXBuildFile; fileRef = 65E9B48715F4331800419B4B /* CoreGraphics.framework */; };
		65E9B48E15F4331800419B4B /* InfoPlist.strings in Resources */ = {isa = PBXBuildFile; fileRef = 65E9B48C15F4331800419B4B /* InfoPlist.strings */; };
		65E9B49015F4331800419B4B /* main.m in Sources */ = {isa = PBXBuildFile; fileRef = 65E9B48F15F4331800419B4B /* main.m */; };
		65E9B49415F4331800419B4B /* AppDelegate.m in Sources */ = {isa = PBXBuildFile; fileRef = 65E9B49315F4331800419B4B /* AppDelegate.m */; };
		65E9B49715F4331800419B4B /* ViewController.m in Sources */ = {isa = PBXBuildFile; fileRef = 65E9B49615F4331800419B4B /* ViewController.m */; };
		65E9B49A15F4331800419B4B /* ViewController.xib in Resources */ = {isa = PBXBuildFile; fileRef = 65E9B49815F4331800419B4B /* ViewController.xib */; };
		65E9B4AB15F4349100419B4B /* SideViewController.m in Sources */ = {isa = PBXBuildFile; fileRef = 65E9B4A915F4349000419B4B /* SideViewController.m */; };
		65E9B4AC15F4349100419B4B /* SideViewController.xib in Resources */ = {isa = PBXBuildFile; fileRef = 65E9B4AA15F4349000419B4B /* SideViewController.xib */; };
		65E9B4BD15F43C1600419B4B /* FMRevealViewController.m in Sources */ = {isa = PBXBuildFile; fileRef = 65E9B4BC15F43C1600419B4B /* FMRevealViewController.m */; };
/* End PBXBuildFile section */

/* Begin PBXFileReference section */
		65E9B47F15F4331800419B4B /* Demo.app */ = {isa = PBXFileReference; explicitFileType = wrapper.application; includeInIndex = 0; path = Demo.app; sourceTree = BUILT_PRODUCTS_DIR; };
		65E9B48315F4331800419B4B /* UIKit.framework */ = {isa = PBXFileReference; lastKnownFileType = wrapper.framework; name = UIKit.framework; path = System/Library/Frameworks/UIKit.framework; sourceTree = SDKROOT; };
		65E9B48515F4331800419B4B /* Foundation.framework */ = {isa = PBXFileReference; lastKnownFileType = wrapper.framework; name = Foundation.framework; path = System/Library/Frameworks/Foundation.framework; sourceTree = SDKROOT; };
		65E9B48715F4331800419B4B /* CoreGraphics.framework */ = {isa = PBXFileReference; lastKnownFileType = wrapper.framework; name = CoreGraphics.framework; path = System/Library/Frameworks/CoreGraphics.framework; sourceTree = SDKROOT; };
		65E9B48B15F4331800419B4B /* Demo-Info.plist */ = {isa = PBXFileReference; lastKnownFileType = text.plist.xml; path = "Demo-Info.plist"; sourceTree = "<group>"; };
		65E9B48D15F4331800419B4B /* en */ = {isa = PBXFileReference; lastKnownFileType = text.plist.strings; name = en; path = en.lproj/InfoPlist.strings; sourceTree = "<group>"; };
		65E9B48F15F4331800419B4B /* main.m */ = {isa = PBXFileReference; lastKnownFileType = sourcecode.c.objc; path = main.m; sourceTree = "<group>"; };
		65E9B49115F4331800419B4B /* Demo-Prefix.pch */ = {isa = PBXFileReference; lastKnownFileType = sourcecode.c.h; path = "Demo-Prefix.pch"; sourceTree = "<group>"; };
		65E9B49215F4331800419B4B /* AppDelegate.h */ = {isa = PBXFileReference; lastKnownFileType = sourcecode.c.h; path = AppDelegate.h; sourceTree = "<group>"; };
		65E9B49315F4331800419B4B /* AppDelegate.m */ = {isa = PBXFileReference; lastKnownFileType = sourcecode.c.objc; path = AppDelegate.m; sourceTree = "<group>"; };
		65E9B49515F4331800419B4B /* ViewController.h */ = {isa = PBXFileReference; lastKnownFileType = sourcecode.c.h; path = ViewController.h; sourceTree = "<group>"; };
		65E9B49615F4331800419B4B /* ViewController.m */ = {isa = PBXFileReference; lastKnownFileType = sourcecode.c.objc; path = ViewController.m; sourceTree = "<group>"; };
		65E9B49915F4331800419B4B /* en */ = {isa = PBXFileReference; lastKnownFileType = file.xib; name = en; path = en.lproj/ViewController.xib; sourceTree = "<group>"; };
		65E9B4A815F4349000419B4B /* SideViewController.h */ = {isa = PBXFileReference; fileEncoding = 4; lastKnownFileType = sourcecode.c.h; path = SideViewController.h; sourceTree = "<group>"; };
		65E9B4A915F4349000419B4B /* SideViewController.m */ = {isa = PBXFileReference; fileEncoding = 4; lastKnownFileType = sourcecode.c.objc; path = SideViewController.m; sourceTree = "<group>"; };
		65E9B4AA15F4349000419B4B /* SideViewController.xib */ = {isa = PBXFileReference; fileEncoding = 4; lastKnownFileType = file.xib; path = SideViewController.xib; sourceTree = "<group>"; };
		65E9B4BB15F43C1600419B4B /* FMRevealViewController.h */ = {isa = PBXFileReference; fileEncoding = 4; lastKnownFileType = sourcecode.c.h; path = FMRevealViewController.h; sourceTree = "<group>"; };
		65E9B4BC15F43C1600419B4B /* FMRevealViewController.m */ = {isa = PBXFileReference; fileEncoding = 4; lastKnownFileType = sourcecode.c.objc; path = FMRevealViewController.m; sourceTree = "<group>"; };
/* End PBXFileReference section */

/* Begin PBXFrameworksBuildPhase section */
		65E9B47C15F4331800419B4B /* Frameworks */ = {
			isa = PBXFrameworksBuildPhase;
			buildActionMask = 2147483647;
			files = (
				65E9B48415F4331800419B4B /* UIKit.framework in Frameworks */,
				65E9B48615F4331800419B4B /* Foundation.framework in Frameworks */,
				65E9B48815F4331800419B4B /* CoreGraphics.framework in Frameworks */,
			);
			runOnlyForDeploymentPostprocessing = 0;
		};
/* End PBXFrameworksBuildPhase section */

/* Begin PBXGroup section */
		65E9B47415F4331700419B4B = {
			isa = PBXGroup;
			children = (
				65E9B4BA15F43C1600419B4B /* FMRevealViewController */,
				65E9B48915F4331800419B4B /* Demo */,
				65E9B48215F4331800419B4B /* Frameworks */,
				65E9B48015F4331800419B4B /* Products */,
			);
			sourceTree = "<group>";
		};
		65E9B48015F4331800419B4B /* Products */ = {
			isa = PBXGroup;
			children = (
				65E9B47F15F4331800419B4B /* Demo.app */,
			);
			name = Products;
			sourceTree = "<group>";
		};
		65E9B48215F4331800419B4B /* Frameworks */ = {
			isa = PBXGroup;
			children = (
				65E9B48315F4331800419B4B /* UIKit.framework */,
				65E9B48515F4331800419B4B /* Foundation.framework */,
				65E9B48715F4331800419B4B /* CoreGraphics.framework */,
			);
			name = Frameworks;
			sourceTree = "<group>";
		};
		65E9B48915F4331800419B4B /* Demo */ = {
			isa = PBXGroup;
			children = (
				65E9B49215F4331800419B4B /* AppDelegate.h */,
				65E9B49315F4331800419B4B /* AppDelegate.m */,
				65E9B49515F4331800419B4B /* ViewController.h */,
				65E9B49615F4331800419B4B /* ViewController.m */,
				65E9B49815F4331800419B4B /* ViewController.xib */,
				65E9B4A815F4349000419B4B /* SideViewController.h */,
				65E9B4A915F4349000419B4B /* SideViewController.m */,
				65E9B4AA15F4349000419B4B /* SideViewController.xib */,
				65E9B48A15F4331800419B4B /* Supporting Files */,
			);
			path = Demo;
			sourceTree = "<group>";
		};
		65E9B48A15F4331800419B4B /* Supporting Files */ = {
			isa = PBXGroup;
			children = (
				65E9B48B15F4331800419B4B /* Demo-Info.plist */,
				65E9B48C15F4331800419B4B /* InfoPlist.strings */,
				65E9B48F15F4331800419B4B /* main.m */,
				65E9B49115F4331800419B4B /* Demo-Prefix.pch */,
			);
			name = "Supporting Files";
			sourceTree = "<group>";
		};
		65E9B4BA15F43C1600419B4B /* FMRevealViewController */ = {
			isa = PBXGroup;
			children = (
				65E9B4BB15F43C1600419B4B /* FMRevealViewController.h */,
				65E9B4BC15F43C1600419B4B /* FMRevealViewController.m */,
			);
			name = FMRevealViewController;
			path = ../FMRevealViewController;
			sourceTree = "<group>";
		};
/* End PBXGroup section */

/* Begin PBXNativeTarget section */
		65E9B47E15F4331800419B4B /* Demo */ = {
			isa = PBXNativeTarget;
			buildConfigurationList = 65E9B49D15F4331800419B4B /* Build configuration list for PBXNativeTarget "Demo" */;
			buildPhases = (
				65E9B47B15F4331800419B4B /* Sources */,
				65E9B47C15F4331800419B4B /* Frameworks */,
				65E9B47D15F4331800419B4B /* Resources */,
			);
			buildRules = (
			);
			dependencies = (
			);
			name = Demo;
			productName = Demo;
			productReference = 65E9B47F15F4331800419B4B /* Demo.app */;
			productType = "com.apple.product-type.application";
		};
/* End PBXNativeTarget section */

/* Begin PBXProject section */
		65E9B47615F4331700419B4B /* Project object */ = {
			isa = PBXProject;
			attributes = {
				LastUpgradeCheck = 0440;
				ORGANIZATIONNAME = "Flubber Media Ltd.";
			};
			buildConfigurationList = 65E9B47915F4331700419B4B /* Build configuration list for PBXProject "Demo" */;
			compatibilityVersion = "Xcode 3.2";
			developmentRegion = English;
			hasScannedForEncodings = 0;
			knownRegions = (
				en,
			);
			mainGroup = 65E9B47415F4331700419B4B;
			productRefGroup = 65E9B48015F4331800419B4B /* Products */;
			projectDirPath = "";
			projectRoot = "";
			targets = (
				65E9B47E15F4331800419B4B /* Demo */,
			);
		};
/* End PBXProject section */

/* Begin PBXResourcesBuildPhase section */
		65E9B47D15F4331800419B4B /* Resources */ = {
			isa = PBXResourcesBuildPhase;
			buildActionMask = 2147483647;
			files = (
				65E9B48E15F4331800419B4B /* InfoPlist.strings in Resources */,
				65E9B49A15F4331800419B4B /* ViewController.xib in Resources */,
				65E9B4AC15F4349100419B4B /* SideViewController.xib in Resources */,
			);
			runOnlyForDeploymentPostprocessing = 0;
		};
/* End PBXResourcesBuildPhase section */

/* Begin PBXSourcesBuildPhase section */
		65E9B47B15F4331800419B4B /* Sources */ = {
			isa = PBXSourcesBuildPhase;
			buildActionMask = 2147483647;
			files = (
				65E9B49015F4331800419B4B /* main.m in Sources */,
				65E9B49415F4331800419B4B /* AppDelegate.m in Sources */,
				65E9B49715F4331800419B4B /* ViewController.m in Sources */,
				65E9B4AB15F4349100419B4B /* SideViewController.m in Sources */,
				65E9B4BD15F43C1600419B4B /* FMRevealViewController.m in Sources */,
			);
			runOnlyForDeploymentPostprocessing = 0;
		};
/* End PBXSourcesBuildPhase section */

/* Begin PBXVariantGroup section */
		65E9B48C15F4331800419B4B /* InfoPlist.strings */ = {
			isa = PBXVariantGroup;
			children = (
				65E9B48D15F4331800419B4B /* en */,
			);
			name = InfoPlist.strings;
			sourceTree = "<group>";
		};
		65E9B49815F4331800419B4B /* ViewController.xib */ = {
			isa = PBXVariantGroup;
			children = (
				65E9B49915F4331800419B4B /* en */,
			);
			name = ViewController.xib;
			sourceTree = "<group>";
		};
/* End PBXVariantGroup section */

/* Begin XCBuildConfiguration section */
		65E9B49B15F4331800419B4B /* Debug */ = {
			isa = XCBuildConfiguration;
			buildSettings = {
				ALWAYS_SEARCH_USER_PATHS = NO;
				ARCHS = "$(ARCHS_STANDARD_32_BIT)";
				CLANG_CXX_LANGUAGE_STANDARD = "gnu++0x";
				CLANG_ENABLE_OBJC_ARC = YES;
				CLANG_WARN__DUPLICATE_METHOD_MATCH = YES;
				"CODE_SIGN_IDENTITY[sdk=iphoneos*]" = "iPhone Developer";
				COPY_PHASE_STRIP = NO;
				GCC_C_LANGUAGE_STANDARD = gnu99;
				GCC_DYNAMIC_NO_PIC = NO;
				GCC_OPTIMIZATION_LEVEL = 0;
				GCC_PREPROCESSOR_DEFINITIONS = (
					"DEBUG=1",
					"$(inherited)",
				);
				GCC_SYMBOLS_PRIVATE_EXTERN = NO;
				GCC_VERSION = com.apple.compilers.llvm.clang.1_0;
				GCC_WARN_ABOUT_RETURN_TYPE = YES;
				GCC_WARN_UNINITIALIZED_AUTOS = YES;
				GCC_WARN_UNUSED_VARIABLE = YES;
				IPHONEOS_DEPLOYMENT_TARGET = 5.1;
				SDKROOT = iphoneos;
			};
			name = Debug;
		};
		65E9B49C15F4331800419B4B /* Release */ = {
			isa = XCBuildConfiguration;
			buildSettings = {
				ALWAYS_SEARCH_USER_PATHS = NO;
				ARCHS = "$(ARCHS_STANDARD_32_BIT)";
				CLANG_CXX_LANGUAGE_STANDARD = "gnu++0x";
				CLANG_ENABLE_OBJC_ARC = YES;
				CLANG_WARN__DUPLICATE_METHOD_MATCH = YES;
				"CODE_SIGN_IDENTITY[sdk=iphoneos*]" = "iPhone Developer";
				COPY_PHASE_STRIP = YES;
				GCC_C_LANGUAGE_STANDARD = gnu99;
				GCC_VERSION = com.apple.compilers.llvm.clang.1_0;
				GCC_WARN_ABOUT_RETURN_TYPE = YES;
				GCC_WARN_UNINITIALIZED_AUTOS = YES;
				GCC_WARN_UNUSED_VARIABLE = YES;
				IPHONEOS_DEPLOYMENT_TARGET = 5.1;
				OTHER_CFLAGS = "-DNS_BLOCK_ASSERTIONS=1";
				SDKROOT = iphoneos;
				VALIDATE_PRODUCT = YES;
			};
			name = Release;
		};
		65E9B49E15F4331800419B4B /* Debug */ = {
			isa = XCBuildConfiguration;
			buildSettings = {
				GCC_PRECOMPILE_PREFIX_HEADER = YES;
				GCC_PREFIX_HEADER = "Demo/Demo-Prefix.pch";
				INFOPLIST_FILE = "Demo/Demo-Info.plist";
				PRODUCT_NAME = "$(TARGET_NAME)";
				WRAPPER_EXTENSION = app;
			};
			name = Debug;
		};
		65E9B49F15F4331800419B4B /* Release */ = {
			isa = XCBuildConfiguration;
			buildSettings = {
				GCC_PRECOMPILE_PREFIX_HEADER = YES;
				GCC_PREFIX_HEADER = "Demo/Demo-Prefix.pch";
				INFOPLIST_FILE = "Demo/Demo-Info.plist";
				PRODUCT_NAME = "$(TARGET_NAME)";
				WRAPPER_EXTENSION = app;
			};
			name = Release;
		};
/* End XCBuildConfiguration section */

/* Begin XCConfigurationList section */
		65E9B47915F4331700419B4B /* Build configuration list for PBXProject "Demo" */ = {
			isa = XCConfigurationList;
			buildConfigurations = (
				65E9B49B15F4331800419B4B /* Debug */,
				65E9B49C15F4331800419B4B /* Release */,
			);
			defaultConfigurationIsVisible = 0;
			defaultConfigurationName = Release;
		};
		65E9B49D15F4331800419B4B /* Build configuration list for PBXNativeTarget "Demo" */ = {
			isa = XCConfigurationList;
			buildConfigurations = (
				65E9B49E15F4331800419B4B /* Debug */,
				65E9B49F15F4331800419B4B /* Release */,
			);
			defaultConfigurationIsVisible = 0;
			defaultConfigurationName = Release;
		};
/* End XCConfigurationList section */
	};
	rootObject = 65E9B47615F4331700419B4B /* Project object */;
}
